{
  "name": "easydo",
  "version": "1.0.0",
  "lockfileVersion": 1,
  "requires": true,
  "dependencies": {
    "@peengtao123/myad": {
      "version": "1.0.0",
      "resolved": "https://registry.npmjs.org/@peengtao123/myad/-/myad-1.0.0.tgz",
      "integrity": "sha512-j50F3ArxScv+awkZvK3hfkprsGangJEdd9mCk6E4f1yYyPCjC7fLrupvJEIbS2oTawbgfmO4E7YRx2mq9/cVRg=="
    }
  }
}
